<Solution>
  <Project Path="Abstractions/Abstractions.csproj" />
  <Project Path="Models/Models.csproj" />
  <Project Path="Logic/Logic.csproj" />
  <Project Path="Storage/Storage.csproj" />
  <Project Path="Transport/Transport.csproj" />
  <Project Path="MaltaDiveWeather.Web/MaltaDiveWeather.Web.csproj" />
</Solution>
