<Solution>
  <Project Path="MaltaDiveWeather.Application/MaltaDiveWeather.Application.csproj" />
  <Project Path="MaltaDiveWeather.Domain/MaltaDiveWeather.Domain.csproj" />
  <Project Path="MaltaDiveWeather.Infrastructure/MaltaDiveWeather.Infrastructure.csproj" />
  <Project Path="MaltaDiveWeather.Web/MaltaDiveWeather.Web.csproj" />
</Solution>
